
Microsoft Visual Studio Solution File, Format Version 12.00
# Visual Studio Version 16
VisualStudioVersion = 25.0.1706.9
MinimumVisualStudioVersion = 10.0.40219.1
Project("{FAE04EC0-301F-11D3-BF4B-00C04F79EFBC}") = "Template2", "Template2\Template2.csproj", "{65C891E9-176C-4361-8440-720C0E3D543D}"
EndProject
Global
	GlobalSection(SolutionConfigurationPlatforms) = preSolution
		Debug|Any CPU = Debug|Any CPU
		Release|Any CPU = Release|Any CPU
	EndGlobalSection
	GlobalSection(ProjectConfigurationPlatforms) = postSolution
		{65C891E9-176C-4361-8440-720C0E3D543D}.Debug|Any CPU.ActiveCfg = Debug|Any CPU
		{65C891E9-176C-4361-8440-720C0E3D543D}.Debug|Any CPU.Build.0 = Debug|Any CPU
		{65C891E9-176C-4361-8440-720C0E3D543D}.Release|Any CPU.ActiveCfg = Release|Any CPU
		{65C891E9-176C-4361-8440-720C0E3D543D}.Release|Any CPU.Build.0 = Release|Any CPU
	EndGlobalSection
	GlobalSection(SolutionProperties) = preSolution
		HideSolutionNode = FALSE
	EndGlobalSection
	GlobalSection(ExtensibilityGlobals) = postSolution
		SolutionGuid = {5D1D0132-DE92-4501-B051-87F5E891F25B}
	EndGlobalSection
EndGlobal
